
Microsoft Visual Studio Solution File, Format Version 12.00
# Visual Studio Version 17
VisualStudioVersion = 17.4.33122.133
MinimumVisualStudioVersion = 10.0.40219.1
Project("{FAE04EC0-301F-11D3-BF4B-00C04F79EFBC}") = "CW_11", "CW_11\CW_11.csproj", "{025A484A-D50D-4FCB-AC5F-0259BA8250D7}"
EndProject
Global
	GlobalSection(SolutionConfigurationPlatforms) = preSolution
		Debug|Any CPU = Debug|Any CPU
		Release|Any CPU = Release|Any CPU
	EndGlobalSection
	GlobalSection(ProjectConfigurationPlatforms) = postSolution
		{025A484A-D50D-4FCB-AC5F-0259BA8250D7}.Debug|Any CPU.ActiveCfg = Debug|Any CPU
		{025A484A-D50D-4FCB-AC5F-0259BA8250D7}.Debug|Any CPU.Build.0 = Debug|Any CPU
		{025A484A-D50D-4FCB-AC5F-0259BA8250D7}.Release|Any CPU.ActiveCfg = Release|Any CPU
		{025A484A-D50D-4FCB-AC5F-0259BA8250D7}.Release|Any CPU.Build.0 = Release|Any CPU
	EndGlobalSection
	GlobalSection(SolutionProperties) = preSolution
		HideSolutionNode = FALSE
	EndGlobalSection
	GlobalSection(ExtensibilityGlobals) = postSolution
		SolutionGuid = {885F9335-A843-4858-94C7-80CDA3736BF6}
	EndGlobalSection
EndGlobal
